
Microsoft Visual Studio Solution File, Format Version 12.00
# Visual Studio Version 16
VisualStudioVersion = 16.0.30413.136
MinimumVisualStudioVersion = 10.0.40219.1
Project("{FAE04EC0-301F-11D3-BF4B-00C04F79EFBC}") = "ZmeykaGame", "ZmeykaGame\ZmeykaGame.csproj", "{9ADEE078-FE9E-4046-8452-AD835995DF69}"
EndProject
Global
	GlobalSection(SolutionConfigurationPlatforms) = preSolution
		Debug|Any CPU = Debug|Any CPU
		Release|Any CPU = Release|Any CPU
	EndGlobalSection
	GlobalSection(ProjectConfigurationPlatforms) = postSolution
		{9ADEE078-FE9E-4046-8452-AD835995DF69}.Debug|Any CPU.ActiveCfg = Debug|Any CPU
		{9ADEE078-FE9E-4046-8452-AD835995DF69}.Debug|Any CPU.Build.0 = Debug|Any CPU
		{9ADEE078-FE9E-4046-8452-AD835995DF69}.Release|Any CPU.ActiveCfg = Release|Any CPU
		{9ADEE078-FE9E-4046-8452-AD835995DF69}.Release|Any CPU.Build.0 = Release|Any CPU
	EndGlobalSection
	GlobalSection(SolutionProperties) = preSolution
		HideSolutionNode = FALSE
	EndGlobalSection
	GlobalSection(ExtensibilityGlobals) = postSolution
		SolutionGuid = {7F836D51-40B0-48CB-865B-30019C20942E}
	EndGlobalSection
EndGlobal
